// !$*UTF8*$!
{
	archiveVersion = 1;
	classes = {
	};
	objectVersion = 46;
	objects = {

/* Begin PBXBuildFile section */
		3EC160591CF20D77002894AD /* AppDelegate.swift in Sources */ = {isa = PBXBuildFile; fileRef = 3EC160581CF20D77002894AD /* AppDelegate.swift */; };
		3EC1605B1CF20D77002894AD /* ViewController.swift in Sources */ = {isa = PBXBuildFile; fileRef = 3EC1605A1CF20D77002894AD /* ViewController.swift */; };
		3EC1605E1CF20D77002894AD /* Main.storyboard in Resources */ = {isa = PBXBuildFile; fileRef = 3EC1605C1CF20D77002894AD /* Main.storyboard */; };
		3EC160601CF20D77002894AD /* Assets.xcassets in Resources */ = {isa = PBXBuildFile; fileRef = 3EC1605F1CF20D77002894AD /* Assets.xcassets */; };
		3EC160631CF20D77002894AD /* LaunchScreen.storyboard in Resources */ = {isa = PBXBuildFile; fileRef = 3EC160611CF20D77002894AD /* LaunchScreen.storyboard */; };
		3EC1606B1CF20E50002894AD /* Player.swift in Sources */ = {isa = PBXBuildFile; fileRef = 3EC1606A1CF20E50002894AD /* Player.swift */; };
		3EC1606D1CF281FF002894AD /* sound.swift in Sources */ = {isa = PBXBuildFile; fileRef = 3EC1606C1CF281FF002894AD /* sound.swift */; };
		3EC160761CF28AAF002894AD /* knife1.wav in Resources */ = {isa = PBXBuildFile; fileRef = 3EC1606E1CF28AAF002894AD /* knife1.wav */; };
		3EC160771CF28AAF002894AD /* knife2.wav in Resources */ = {isa = PBXBuildFile; fileRef = 3EC1606F1CF28AAF002894AD /* knife2.wav */; };
		3EC160781CF28AAF002894AD /* knife3.wav in Resources */ = {isa = PBXBuildFile; fileRef = 3EC160701CF28AAF002894AD /* knife3.wav */; };
		3EC160791CF28AAF002894AD /* knife4.wav in Resources */ = {isa = PBXBuildFile; fileRef = 3EC160711CF28AAF002894AD /* knife4.wav */; };
		3EC1607A1CF28AAF002894AD /* knife5.wav in Resources */ = {isa = PBXBuildFile; fileRef = 3EC160721CF28AAF002894AD /* knife5.wav */; };
		3EC1607B1CF28AAF002894AD /* knife6.wav in Resources */ = {isa = PBXBuildFile; fileRef = 3EC160731CF28AAF002894AD /* knife6.wav */; };
		3EC1607C1CF28AAF002894AD /* win1.wav in Resources */ = {isa = PBXBuildFile; fileRef = 3EC160741CF28AAF002894AD /* win1.wav */; };
		3EC1607D1CF28AAF002894AD /* win2.wav in Resources */ = {isa = PBXBuildFile; fileRef = 3EC160751CF28AAF002894AD /* win2.wav */; };
		3EC160811CF29900002894AD /* fight.wav in Resources */ = {isa = PBXBuildFile; fileRef = 3EC1607F1CF29900002894AD /* fight.wav */; };
		3EC160831CF29E07002894AD /* parry.wav in Resources */ = {isa = PBXBuildFile; fileRef = 3EC160821CF29E07002894AD /* parry.wav */; };
		3EC160851CF2B06E002894AD /* ambient.wav in Resources */ = {isa = PBXBuildFile; fileRef = 3EC160841CF2B06E002894AD /* ambient.wav */; };
/* End PBXBuildFile section */

/* Begin PBXFileReference section */
		3EC160551CF20D77002894AD /* 2pRPG.app */ = {isa = PBXFileReference; explicitFileType = wrapper.application; includeInIndex = 0; path = 2pRPG.app; sourceTree = BUILT_PRODUCTS_DIR; };
		3EC160581CF20D77002894AD /* AppDelegate.swift */ = {isa = PBXFileReference; lastKnownFileType = sourcecode.swift; path = AppDelegate.swift; sourceTree = "<group>"; };
		3EC1605A1CF20D77002894AD /* ViewController.swift */ = {isa = PBXFileReference; lastKnownFileType = sourcecode.swift; path = ViewController.swift; sourceTree = "<group>"; };
		3EC1605D1CF20D77002894AD /* Base */ = {isa = PBXFileReference; lastKnownFileType = file.storyboard; name = Base; path = Base.lproj/Main.storyboard; sourceTree = "<group>"; };
		3EC1605F1CF20D77002894AD /* Assets.xcassets */ = {isa = PBXFileReference; lastKnownFileType = folder.assetcatalog; path = Assets.xcassets; sourceTree = "<group>"; };
		3EC160621CF20D77002894AD /* Base */ = {isa = PBXFileReference; lastKnownFileType = file.storyboard; name = Base; path = Base.lproj/LaunchScreen.storyboard; sourceTree = "<group>"; };
		3EC160641CF20D77002894AD /* Info.plist */ = {isa = PBXFileReference; lastKnownFileType = text.plist.xml; path = Info.plist; sourceTree = "<group>"; };
		3EC1606A1CF20E50002894AD /* Player.swift */ = {isa = PBXFileReference; fileEncoding = 4; lastKnownFileType = sourcecode.swift; path = Player.swift; sourceTree = "<group>"; };
		3EC1606C1CF281FF002894AD /* sound.swift */ = {isa = PBXFileReference; fileEncoding = 4; lastKnownFileType = sourcecode.swift; path = sound.swift; sourceTree = "<group>"; };
		3EC1606E1CF28AAF002894AD /* knife1.wav */ = {isa = PBXFileReference; lastKnownFileType = audio.wav; path = knife1.wav; sourceTree = "<group>"; };
		3EC1606F1CF28AAF002894AD /* knife2.wav */ = {isa = PBXFileReference; lastKnownFileType = audio.wav; path = knife2.wav; sourceTree = "<group>"; };
		3EC160701CF28AAF002894AD /* knife3.wav */ = {isa = PBXFileReference; lastKnownFileType = audio.wav; path = knife3.wav; sourceTree = "<group>"; };
		3EC160711CF28AAF002894AD /* knife4.wav */ = {isa = PBXFileReference; lastKnownFileType = audio.wav; path = knife4.wav; sourceTree = "<group>"; };
		3EC160721CF28AAF002894AD /* knife5.wav */ = {isa = PBXFileReference; lastKnownFileType = audio.wav; path = knife5.wav; sourceTree = "<group>"; };
		3EC160731CF28AAF002894AD /* knife6.wav */ = {isa = PBXFileReference; lastKnownFileType = audio.wav; path = knife6.wav; sourceTree = "<group>"; };
		3EC160741CF28AAF002894AD /* win1.wav */ = {isa = PBXFileReference; lastKnownFileType = audio.wav; path = win1.wav; sourceTree = "<group>"; };
		3EC160751CF28AAF002894AD /* win2.wav */ = {isa = PBXFileReference; lastKnownFileType = audio.wav; path = win2.wav; sourceTree = "<group>"; };
		3EC1607F1CF29900002894AD /* fight.wav */ = {isa = PBXFileReference; lastKnownFileType = audio.wav; path = fight.wav; sourceTree = "<group>"; };
		3EC160821CF29E07002894AD /* parry.wav */ = {isa = PBXFileReference; lastKnownFileType = audio.wav; path = parry.wav; sourceTree = "<group>"; };
		3EC160841CF2B06E002894AD /* ambient.wav */ = {isa = PBXFileReference; lastKnownFileType = audio.wav; path = ambient.wav; sourceTree = "<group>"; };
/* End PBXFileReference section */

/* Begin PBXFrameworksBuildPhase section */
		3EC160521CF20D77002894AD /* Frameworks */ = {
			isa = PBXFrameworksBuildPhase;
			buildActionMask = 2147483647;
			files = (
			);
			runOnlyForDeploymentPostprocessing = 0;
		};
/* End PBXFrameworksBuildPhase section */

/* Begin PBXGroup section */
		3EC1604C1CF20D77002894AD = {
			isa = PBXGroup;
			children = (
				3EC160571CF20D77002894AD /* 2pRPG */,
				3EC160561CF20D77002894AD /* Products */,
			);
			sourceTree = "<group>";
		};
		3EC160561CF20D77002894AD /* Products */ = {
			isa = PBXGroup;
			children = (
				3EC160551CF20D77002894AD /* 2pRPG.app */,
			);
			name = Products;
			sourceTree = "<group>";
		};
		3EC160571CF20D77002894AD /* 2pRPG */ = {
			isa = PBXGroup;
			children = (
				3EC160821CF29E07002894AD /* parry.wav */,
				3EC160841CF2B06E002894AD /* ambient.wav */,
				3EC1607F1CF29900002894AD /* fight.wav */,
				3EC1606E1CF28AAF002894AD /* knife1.wav */,
				3EC1606F1CF28AAF002894AD /* knife2.wav */,
				3EC160701CF28AAF002894AD /* knife3.wav */,
				3EC160711CF28AAF002894AD /* knife4.wav */,
				3EC160721CF28AAF002894AD /* knife5.wav */,
				3EC160731CF28AAF002894AD /* knife6.wav */,
				3EC160741CF28AAF002894AD /* win1.wav */,
				3EC160751CF28AAF002894AD /* win2.wav */,
				3EC160581CF20D77002894AD /* AppDelegate.swift */,
				3EC1605A1CF20D77002894AD /* ViewController.swift */,
				3EC1606C1CF281FF002894AD /* sound.swift */,
				3EC1606A1CF20E50002894AD /* Player.swift */,
				3EC1605C1CF20D77002894AD /* Main.storyboard */,
				3EC1605F1CF20D77002894AD /* Assets.xcassets */,
				3EC160611CF20D77002894AD /* LaunchScreen.storyboard */,
				3EC160641CF20D77002894AD /* Info.plist */,
			);
			path = 2pRPG;
			sourceTree = "<group>";
		};
/* End PBXGroup section */

/* Begin PBXNativeTarget section */
		3EC160541CF20D77002894AD /* 2pRPG */ = {
			isa = PBXNativeTarget;
			buildConfigurationList = 3EC160671CF20D77002894AD /* Build configuration list for PBXNativeTarget "2pRPG" */;
			buildPhases = (
				3EC160511CF20D77002894AD /* Sources */,
				3EC160521CF20D77002894AD /* Frameworks */,
				3EC160531CF20D77002894AD /* Resources */,
			);
			buildRules = (
			);
			dependencies = (
			);
			name = 2pRPG;
			productName = 2pRPG;
			productReference = 3EC160551CF20D77002894AD /* 2pRPG.app */;
			productType = "com.apple.product-type.application";
		};
/* End PBXNativeTarget section */

/* Begin PBXProject section */
		3EC1604D1CF20D77002894AD /* Project object */ = {
			isa = PBXProject;
			attributes = {
				LastSwiftUpdateCheck = 0730;
				LastUpgradeCheck = 0940;
				ORGANIZATIONNAME = "Mehdi Silini";
				TargetAttributes = {
					3EC160541CF20D77002894AD = {
						CreatedOnToolsVersion = 7.3.1;
						DevelopmentTeam = 2XVP3SU67Y;
						LastSwiftMigration = 0940;
					};
				};
			};
			buildConfigurationList = 3EC160501CF20D77002894AD /* Build configuration list for PBXProject "2pRPG" */;
			compatibilityVersion = "Xcode 3.2";
			developmentRegion = English;
			hasScannedForEncodings = 0;
			knownRegions = (
				en,
				Base,
			);
			mainGroup = 3EC1604C1CF20D77002894AD;
			productRefGroup = 3EC160561CF20D77002894AD /* Products */;
			projectDirPath = "";
			projectRoot = "";
			targets = (
				3EC160541CF20D77002894AD /* 2pRPG */,
			);
		};
/* End PBXProject section */

/* Begin PBXResourcesBuildPhase section */
		3EC160531CF20D77002894AD /* Resources */ = {
			isa = PBXResourcesBuildPhase;
			buildActionMask = 2147483647;
			files = (
				3EC1607A1CF28AAF002894AD /* knife5.wav in Resources */,
				3EC160851CF2B06E002894AD /* ambient.wav in Resources */,
				3EC160761CF28AAF002894AD /* knife1.wav in Resources */,
				3EC160631CF20D77002894AD /* LaunchScreen.storyboard in Resources */,
				3EC160781CF28AAF002894AD /* knife3.wav in Resources */,
				3EC1607D1CF28AAF002894AD /* win2.wav in Resources */,
				3EC160601CF20D77002894AD /* Assets.xcassets in Resources */,
				3EC1607C1CF28AAF002894AD /* win1.wav in Resources */,
				3EC160811CF29900002894AD /* fight.wav in Resources */,
				3EC160831CF29E07002894AD /* parry.wav in Resources */,
				3EC1605E1CF20D77002894AD /* Main.storyboard in Resources */,
				3EC160771CF28AAF002894AD /* knife2.wav in Resources */,
				3EC160791CF28AAF002894AD /* knife4.wav in Resources */,
				3EC1607B1CF28AAF002894AD /* knife6.wav in Resources */,
			);
			runOnlyForDeploymentPostprocessing = 0;
		};
/* End PBXResourcesBuildPhase section */

/* Begin PBXSourcesBuildPhase section */
		3EC160511CF20D77002894AD /* Sources */ = {
			isa = PBXSourcesBuildPhase;
			buildActionMask = 2147483647;
			files = (
				3EC1605B1CF20D77002894AD /* ViewController.swift in Sources */,
				3EC1606B1CF20E50002894AD /* Player.swift in Sources */,
				3EC160591CF20D77002894AD /* AppDelegate.swift in Sources */,
				3EC1606D1CF281FF002894AD /* sound.swift in Sources */,
			);
			runOnlyForDeploymentPostprocessing = 0;
		};
/* End PBXSourcesBuildPhase section */

/* Begin PBXVariantGroup section */
		3EC1605C1CF20D77002894AD /* Main.storyboard */ = {
			isa = PBXVariantGroup;
			children = (
				3EC1605D1CF20D77002894AD /* Base */,
			);
			name = Main.storyboard;
			sourceTree = "<group>";
		};
		3EC160611CF20D77002894AD /* LaunchScreen.storyboard */ = {
			isa = PBXVariantGroup;
			children = (
				3EC160621CF20D77002894AD /* Base */,
			);
			name = LaunchScreen.storyboard;
			sourceTree = "<group>";
		};
/* End PBXVariantGroup section */

/* Begin XCBuildConfiguration section */
		3EC160651CF20D77002894AD /* Debug */ = {
			isa = XCBuildConfiguration;
			buildSettings = {
				ALWAYS_SEARCH_USER_PATHS = NO;
				CLANG_ANALYZER_NONNULL = YES;
				CLANG_CXX_LANGUAGE_STANDARD = "gnu++0x";
				CLANG_CXX_LIBRARY = "libc++";
				CLANG_ENABLE_MODULES = YES;
				CLANG_ENABLE_OBJC_ARC = YES;
				CLANG_WARN_BLOCK_CAPTURE_AUTORELEASING = YES;
				CLANG_WARN_BOOL_CONVERSION = YES;
				CLANG_WARN_COMMA = YES;
				CLANG_WARN_CONSTANT_CONVERSION = YES;
				CLANG_WARN_DEPRECATED_OBJC_IMPLEMENTATIONS = YES;
				CLANG_WARN_DIRECT_OBJC_ISA_USAGE = YES_ERROR;
				CLANG_WARN_EMPTY_BODY = YES;
				CLANG_WARN_ENUM_CONVERSION = YES;
				CLANG_WARN_INFINITE_RECURSION = YES;
				CLANG_WARN_INT_CONVERSION = YES;
				CLANG_WARN_NON_LITERAL_NULL_CONVERSION = YES;
				CLANG_WARN_OBJC_IMPLICIT_RETAIN_SELF = YES;
				CLANG_WARN_OBJC_LITERAL_CONVERSION = YES;
				CLANG_WARN_OBJC_ROOT_CLASS = YES_ERROR;
				CLANG_WARN_RANGE_LOOP_ANALYSIS = YES;
				CLANG_WARN_STRICT_PROTOTYPES = YES;
				CLANG_WARN_SUSPICIOUS_MOVE = YES;
				CLANG_WARN_UNREACHABLE_CODE = YES;
				CLANG_WARN__DUPLICATE_METHOD_MATCH = YES;
				"CODE_SIGN_IDENTITY[sdk=iphoneos*]" = "iPhone Developer";
				COPY_PHASE_STRIP = NO;
				DEBUG_INFORMATION_FORMAT = dwarf;
				ENABLE_STRICT_OBJC_MSGSEND = YES;
				ENABLE_TESTABILITY = YES;
				GCC_C_LANGUAGE_STANDARD = gnu99;
				GCC_DYNAMIC_NO_PIC = NO;
				GCC_NO_COMMON_BLOCKS = YES;
				GCC_OPTIMIZATION_LEVEL = 0;
				GCC_PREPROCESSOR_DEFINITIONS = (
					"DEBUG=1",
					"$(inherited)",
				);
				GCC_WARN_64_TO_32_BIT_CONVERSION = YES;
				GCC_WARN_ABOUT_RETURN_TYPE = YES_ERROR;
				GCC_WARN_UNDECLARED_SELECTOR = YES;
				GCC_WARN_UNINITIALIZED_AUTOS = YES_AGGRESSIVE;
				GCC_WARN_UNUSED_FUNCTION = YES;
				GCC_WARN_UNUSED_VARIABLE = YES;
				IPHONEOS_DEPLOYMENT_TARGET = 9.3;
				MTL_ENABLE_DEBUG_INFO = YES;
				ONLY_ACTIVE_ARCH = YES;
				SDKROOT = iphoneos;
				SWIFT_OPTIMIZATION_LEVEL = "-Onone";
			};
			name = Debug;
		};
		3EC160661CF20D77002894AD /* Release */ = {
			isa = XCBuildConfiguration;
			buildSettings = {
				ALWAYS_SEARCH_USER_PATHS = NO;
				CLANG_ANALYZER_NONNULL = YES;
				CLANG_CXX_LANGUAGE_STANDARD = "gnu++0x";
				CLANG_CXX_LIBRARY = "libc++";
				CLANG_ENABLE_MODULES = YES;
				CLANG_ENABLE_OBJC_ARC = YES;
				CLANG_WARN_BLOCK_CAPTURE_AUTORELEASING = YES;
				CLANG_WARN_BOOL_CONVERSION = YES;
				CLANG_WARN_COMMA = YES;
				CLANG_WARN_CONSTANT_CONVERSION = YES;
				CLANG_WARN_DEPRECATED_OBJC_IMPLEMENTATIONS = YES;
				CLANG_WARN_DIRECT_OBJC_ISA_USAGE = YES_ERROR;
				CLANG_WARN_EMPTY_BODY = YES;
				CLANG_WARN_ENUM_CONVERSION = YES;
				CLANG_WARN_INFINITE_RECURSION = YES;
				CLANG_WARN_INT_CONVERSION = YES;
				CLANG_WARN_NON_LITERAL_NULL_CONVERSION = YES;
				CLANG_WARN_OBJC_IMPLICIT_RETAIN_SELF = YES;
				CLANG_WARN_OBJC_LITERAL_CONVERSION = YES;
				CLANG_WARN_OBJC_ROOT_CLASS = YES_ERROR;
				CLANG_WARN_RANGE_LOOP_ANALYSIS = YES;
				CLANG_WARN_STRICT_PROTOTYPES = YES;
				CLANG_WARN_SUSPICIOUS_MOVE = YES;
				CLANG_WARN_UNREACHABLE_CODE = YES;
				CLANG_WARN__DUPLICATE_METHOD_MATCH = YES;
				"CODE_SIGN_IDENTITY[sdk=iphoneos*]" = "iPhone Developer";
				COPY_PHASE_STRIP = NO;
				DEBUG_INFORMATION_FORMAT = "dwarf-with-dsym";
				ENABLE_NS_ASSERTIONS = NO;
				ENABLE_STRICT_OBJC_MSGSEND = YES;
				GCC_C_LANGUAGE_STANDARD = gnu99;
				GCC_NO_COMMON_BLOCKS = YES;
				GCC_WARN_64_TO_32_BIT_CONVERSION = YES;
				GCC_WARN_ABOUT_RETURN_TYPE = YES_ERROR;
				GCC_WARN_UNDECLARED_SELECTOR = YES;
				GCC_WARN_UNINITIALIZED_AUTOS = YES_AGGRESSIVE;
				GCC_WARN_UNUSED_FUNCTION = YES;
				GCC_WARN_UNUSED_VARIABLE = YES;
				IPHONEOS_DEPLOYMENT_TARGET = 9.3;
				MTL_ENABLE_DEBUG_INFO = NO;
				SDKROOT = iphoneos;
				SWIFT_OPTIMIZATION_LEVEL = "-Owholemodule";
				VALIDATE_PRODUCT = YES;
			};
			name = Release;
		};
		3EC160681CF20D77002894AD /* Debug */ = {
			isa = XCBuildConfiguration;
			buildSettings = {
				ASSETCATALOG_COMPILER_APPICON_NAME = AppIcon;
				INFOPLIST_FILE = 2pRPG/Info.plist;
				LD_RUNPATH_SEARCH_PATHS = "$(inherited) @executable_path/Frameworks";
				PRODUCT_BUNDLE_IDENTIFIER = "com.test.-pRPG";
				PRODUCT_NAME = "$(TARGET_NAME)";
				SWIFT_SWIFT3_OBJC_INFERENCE = On;
				SWIFT_VERSION = 4.0;
			};
			name = Debug;
		};
		3EC160691CF20D77002894AD /* Release */ = {
			isa = XCBuildConfiguration;
			buildSettings = {
				ASSETCATALOG_COMPILER_APPICON_NAME = AppIcon;
				INFOPLIST_FILE = 2pRPG/Info.plist;
				LD_RUNPATH_SEARCH_PATHS = "$(inherited) @executable_path/Frameworks";
				PRODUCT_BUNDLE_IDENTIFIER = "com.test.-pRPG";
				PRODUCT_NAME = "$(TARGET_NAME)";
				SWIFT_SWIFT3_OBJC_INFERENCE = On;
				SWIFT_VERSION = 4.0;
			};
			name = Release;
		};
/* End XCBuildConfiguration section */

/* Begin XCConfigurationList section */
		3EC160501CF20D77002894AD /* Build configuration list for PBXProject "2pRPG" */ = {
			isa = XCConfigurationList;
			buildConfigurations = (
				3EC160651CF20D77002894AD /* Debug */,
				3EC160661CF20D77002894AD /* Release */,
			);
			defaultConfigurationIsVisible = 0;
			defaultConfigurationName = Release;
		};
		3EC160671CF20D77002894AD /* Build configuration list for PBXNativeTarget "2pRPG" */ = {
			isa = XCConfigurationList;
			buildConfigurations = (
				3EC160681CF20D77002894AD /* Debug */,
				3EC160691CF20D77002894AD /* Release */,
			);
			defaultConfigurationIsVisible = 0;
			defaultConfigurationName = Release;
		};
/* End XCConfigurationList section */
	};
	rootObject = 3EC1604D1CF20D77002894AD /* Project object */;
}
